
Microsoft Visual Studio Solution File, Format Version 12.00
# Visual Studio Version 17
VisualStudioVersion = 17.3.32804.467
MinimumVisualStudioVersion = 10.0.40219.1
Project("{FAE04EC0-301F-11D3-BF4B-00C04F79EFBC}") = "дз 15.10", "дз 15.10.csproj", "{3C10E6B1-6B42-4888-8C79-6AA2A25C6799}"
EndProject
Global
	GlobalSection(SolutionConfigurationPlatforms) = preSolution
		Debug|Any CPU = Debug|Any CPU
		Release|Any CPU = Release|Any CPU
	EndGlobalSection
	GlobalSection(ProjectConfigurationPlatforms) = postSolution
		{3C10E6B1-6B42-4888-8C79-6AA2A25C6799}.Debug|Any CPU.ActiveCfg = Debug|Any CPU
		{3C10E6B1-6B42-4888-8C79-6AA2A25C6799}.Debug|Any CPU.Build.0 = Debug|Any CPU
		{3C10E6B1-6B42-4888-8C79-6AA2A25C6799}.Release|Any CPU.ActiveCfg = Release|Any CPU
		{3C10E6B1-6B42-4888-8C79-6AA2A25C6799}.Release|Any CPU.Build.0 = Release|Any CPU
	EndGlobalSection
	GlobalSection(SolutionProperties) = preSolution
		HideSolutionNode = FALSE
	EndGlobalSection
	GlobalSection(ExtensibilityGlobals) = postSolution
		SolutionGuid = {4D8CD0DA-5FF4-4945-BAD3-E2231BE1CB9B}
	EndGlobalSection
EndGlobal
